
Microsoft Visual Studio Solution File, Format Version 12.00
# Visual Studio 15
VisualStudioVersion = 15.0.28307.329
MinimumVisualStudioVersion = 10.0.40219.1
Project("{FAE04EC0-301F-11D3-BF4B-00C04F79EFBC}") = "TesterProject", "TesterProject\TesterProject.csproj", "{79A0A9CC-EAF3-4268-857D-928EB8A9732C}"
EndProject
Global
	GlobalSection(SolutionConfigurationPlatforms) = preSolution
		Debug|Any CPU = Debug|Any CPU
		Release|Any CPU = Release|Any CPU
	EndGlobalSection
	GlobalSection(ProjectConfigurationPlatforms) = postSolution
		{79A0A9CC-EAF3-4268-857D-928EB8A9732C}.Debug|Any CPU.ActiveCfg = Debug|Any CPU
		{79A0A9CC-EAF3-4268-857D-928EB8A9732C}.Debug|Any CPU.Build.0 = Debug|Any CPU
		{79A0A9CC-EAF3-4268-857D-928EB8A9732C}.Release|Any CPU.ActiveCfg = Release|Any CPU
		{79A0A9CC-EAF3-4268-857D-928EB8A9732C}.Release|Any CPU.Build.0 = Release|Any CPU
	EndGlobalSection
	GlobalSection(SolutionProperties) = preSolution
		HideSolutionNode = FALSE
	EndGlobalSection
	GlobalSection(ExtensibilityGlobals) = postSolution
		SolutionGuid = {6903CE00-660D-43C8-8D7E-13EB91E198A7}
	EndGlobalSection
EndGlobal
